{
    "name": "catch22",
    "version": "0.0.1",
    "lockfileVersion": 3,
    "requires": true,
    "packages": {
        "": {
            "name": "catch22",
            "version": "0.0.1",
            "hasInstallScript": true,
            "license": "GPLv3",
            "engines": {
                "node": ">=16"
            }
        }
    }
}
